
Microsoft Visual Studio Solution File, Format Version 12.00
# Visual Studio Version 17
VisualStudioVersion = 17.7.34221.43
MinimumVisualStudioVersion = 10.0.40219.1
Project("{8BC9CEB8-8B4A-11D0-8D11-00A0C91BC942}") = "TheOtherUpdater", "JuZ_ModUpdater\TheOtherUpdater.vcxproj", "{73A5662B-9C59-4C97-95C5-F5B2A8BBDDCA}"
EndProject
Project("{9A19103F-16F7-4668-BE54-9A1E7A4F7556}") = "JuZ_Mod", "JuZ_Mod\JuZ_Mod.csproj", "{66288F2D-1112-4F6D-B7A1-E51AFB59CDC6}"
EndProject
Global
	GlobalSection(SolutionConfigurationPlatforms) = preSolution
		Debug|Any CPU = Debug|Any CPU
		Debug|x64 = Debug|x64
		Debug|x86 = Debug|x86
		Release|Any CPU = Release|Any CPU
		Release|x64 = Release|x64
		Release|x86 = Release|x86
	EndGlobalSection
	GlobalSection(ProjectConfigurationPlatforms) = postSolution
		{73A5662B-9C59-4C97-95C5-F5B2A8BBDDCA}.Debug|Any CPU.ActiveCfg = Debug|x64
		{73A5662B-9C59-4C97-95C5-F5B2A8BBDDCA}.Debug|Any CPU.Build.0 = Debug|x64
		{73A5662B-9C59-4C97-95C5-F5B2A8BBDDCA}.Debug|x64.ActiveCfg = Debug|x64
		{73A5662B-9C59-4C97-95C5-F5B2A8BBDDCA}.Debug|x64.Build.0 = Debug|x64
		{73A5662B-9C59-4C97-95C5-F5B2A8BBDDCA}.Debug|x86.ActiveCfg = Debug|Win32
		{73A5662B-9C59-4C97-95C5-F5B2A8BBDDCA}.Debug|x86.Build.0 = Debug|Win32
		{73A5662B-9C59-4C97-95C5-F5B2A8BBDDCA}.Release|Any CPU.ActiveCfg = Release|x64
		{73A5662B-9C59-4C97-95C5-F5B2A8BBDDCA}.Release|Any CPU.Build.0 = Release|x64
		{73A5662B-9C59-4C97-95C5-F5B2A8BBDDCA}.Release|x64.ActiveCfg = Release|x64
		{73A5662B-9C59-4C97-95C5-F5B2A8BBDDCA}.Release|x64.Build.0 = Release|x64
		{73A5662B-9C59-4C97-95C5-F5B2A8BBDDCA}.Release|x86.ActiveCfg = Release|Win32
		{73A5662B-9C59-4C97-95C5-F5B2A8BBDDCA}.Release|x86.Build.0 = Release|Win32
		{66288F2D-1112-4F6D-B7A1-E51AFB59CDC6}.Debug|Any CPU.ActiveCfg = Debug|Any CPU
		{66288F2D-1112-4F6D-B7A1-E51AFB59CDC6}.Debug|Any CPU.Build.0 = Debug|Any CPU
		{66288F2D-1112-4F6D-B7A1-E51AFB59CDC6}.Debug|x64.ActiveCfg = Debug|Any CPU
		{66288F2D-1112-4F6D-B7A1-E51AFB59CDC6}.Debug|x64.Build.0 = Debug|Any CPU
		{66288F2D-1112-4F6D-B7A1-E51AFB59CDC6}.Debug|x86.ActiveCfg = Debug|Any CPU
		{66288F2D-1112-4F6D-B7A1-E51AFB59CDC6}.Debug|x86.Build.0 = Debug|Any CPU
		{66288F2D-1112-4F6D-B7A1-E51AFB59CDC6}.Release|Any CPU.ActiveCfg = Release|Any CPU
		{66288F2D-1112-4F6D-B7A1-E51AFB59CDC6}.Release|Any CPU.Build.0 = Release|Any CPU
		{66288F2D-1112-4F6D-B7A1-E51AFB59CDC6}.Release|x64.ActiveCfg = Release|Any CPU
		{66288F2D-1112-4F6D-B7A1-E51AFB59CDC6}.Release|x64.Build.0 = Release|Any CPU
		{66288F2D-1112-4F6D-B7A1-E51AFB59CDC6}.Release|x86.ActiveCfg = Release|Any CPU
		{66288F2D-1112-4F6D-B7A1-E51AFB59CDC6}.Release|x86.Build.0 = Release|Any CPU
	EndGlobalSection
	GlobalSection(SolutionProperties) = preSolution
		HideSolutionNode = FALSE
	EndGlobalSection
	GlobalSection(ExtensibilityGlobals) = postSolution
		SolutionGuid = {9B5BF133-3D06-4996-BF6C-4723B93E3D6B}
	EndGlobalSection
EndGlobal
