
Microsoft Visual Studio Solution File, Format Version 12.00
# Visual Studio Version 17
VisualStudioVersion = 17.9.34728.123
MinimumVisualStudioVersion = 10.0.40219.1
Project("{9A19103F-16F7-4668-BE54-9A1E7A4F7556}") = "TheOtherRoles", "TheOtherRoles\TheOtherRoles.csproj", "{11FBC798-BAF5-4EE5-9511-BE6DB0592F99}"
EndProject
Project("{8BC9CEB8-8B4A-11D0-8D11-00A0C91BC942}") = "TheOtherUpdater", "TheOtherUpdater\TheOtherUpdater.vcxproj", "{73A5662B-9C59-4C97-95C5-F5B2A8BBDDCA}"
EndProject
Global
	GlobalSection(SolutionConfigurationPlatforms) = preSolution
		Debug|Any CPU = Debug|Any CPU
		Release|Any CPU = Release|Any CPU
	EndGlobalSection
	GlobalSection(ProjectConfigurationPlatforms) = postSolution
		{11FBC798-BAF5-4EE5-9511-BE6DB0592F99}.Debug|Any CPU.ActiveCfg = Debug|Any CPU
		{11FBC798-BAF5-4EE5-9511-BE6DB0592F99}.Debug|Any CPU.Build.0 = Debug|Any CPU
		{11FBC798-BAF5-4EE5-9511-BE6DB0592F99}.Release|Any CPU.ActiveCfg = Release|Any CPU
		{11FBC798-BAF5-4EE5-9511-BE6DB0592F99}.Release|Any CPU.Build.0 = Release|Any CPU
		{73A5662B-9C59-4C97-95C5-F5B2A8BBDDCA}.Debug|Any CPU.ActiveCfg = Debug|Win32
		{73A5662B-9C59-4C97-95C5-F5B2A8BBDDCA}.Debug|Any CPU.Build.0 = Debug|Win32
		{73A5662B-9C59-4C97-95C5-F5B2A8BBDDCA}.Release|Any CPU.ActiveCfg = Release|Win32
		{73A5662B-9C59-4C97-95C5-F5B2A8BBDDCA}.Release|Any CPU.Build.0 = Release|Win32
	EndGlobalSection
	GlobalSection(SolutionProperties) = preSolution
		HideSolutionNode = FALSE
	EndGlobalSection
	GlobalSection(ExtensibilityGlobals) = postSolution
		SolutionGuid = {0CC3F51E-CC66-4122-B4CB-3A0B59DE563C}
	EndGlobalSection
EndGlobal
