
Microsoft Visual Studio Solution File, Format Version 12.00
# Visual Studio Version 16
VisualStudioVersion = 16.0.31313.79
MinimumVisualStudioVersion = 10.0.40219.1
Project("{9A19103F-16F7-4668-BE54-9A1E7A4F7556}") = "TheOtherRoles", "TheOtherRoles.csproj", "{248BBB63-FA7F-41DE-A0C9-A32EC99EC709}"
EndProject
Global
	GlobalSection(SolutionConfigurationPlatforms) = preSolution
		Debug|Any CPU = Debug|Any CPU
		Release|Any CPU = Release|Any CPU
	EndGlobalSection
	GlobalSection(ProjectConfigurationPlatforms) = postSolution
		{248BBB63-FA7F-41DE-A0C9-A32EC99EC709}.Debug|Any CPU.ActiveCfg = Debug|Any CPU
		{248BBB63-FA7F-41DE-A0C9-A32EC99EC709}.Debug|Any CPU.Build.0 = Debug|Any CPU
		{248BBB63-FA7F-41DE-A0C9-A32EC99EC709}.Release|Any CPU.ActiveCfg = Release|Any CPU
		{248BBB63-FA7F-41DE-A0C9-A32EC99EC709}.Release|Any CPU.Build.0 = Release|Any CPU
	EndGlobalSection
	GlobalSection(SolutionProperties) = preSolution
		HideSolutionNode = FALSE
	EndGlobalSection
	GlobalSection(ExtensibilityGlobals) = postSolution
		SolutionGuid = {F6C414BC-263C-4842-BC51-A1516061A294}
	EndGlobalSection
EndGlobal
