
Microsoft Visual Studio Solution File, Format Version 12.00
# Visual Studio Version 16
VisualStudioVersion = 16.0.31205.134
MinimumVisualStudioVersion = 10.0.40219.1
Project("{9A19103F-16F7-4668-BE54-9A1E7A4F7556}") = "TheOtherRoles", "TheOtherRoles.csproj", "{40C96DC4-9FED-4E45-912B-2BD4CA348C52}"
EndProject
Global
	GlobalSection(SolutionConfigurationPlatforms) = preSolution
		Debug|Any CPU = Debug|Any CPU
		Release|Any CPU = Release|Any CPU
	EndGlobalSection
	GlobalSection(ProjectConfigurationPlatforms) = postSolution
		{40C96DC4-9FED-4E45-912B-2BD4CA348C52}.Debug|Any CPU.ActiveCfg = Debug|Any CPU
		{40C96DC4-9FED-4E45-912B-2BD4CA348C52}.Debug|Any CPU.Build.0 = Debug|Any CPU
		{40C96DC4-9FED-4E45-912B-2BD4CA348C52}.Release|Any CPU.ActiveCfg = Release|Any CPU
		{40C96DC4-9FED-4E45-912B-2BD4CA348C52}.Release|Any CPU.Build.0 = Release|Any CPU
	EndGlobalSection
	GlobalSection(SolutionProperties) = preSolution
		HideSolutionNode = FALSE
	EndGlobalSection
	GlobalSection(ExtensibilityGlobals) = postSolution
		SolutionGuid = {998F88BF-2CD2-4FE0-A1BD-94A99A91F13C}
	EndGlobalSection
EndGlobal
